// !$*UTF8*$!
{
	archiveVersion = 1;
	classes = {
	};
	objectVersion = 50;
	objects = {

/* Begin PBXBuildFile section */
		7AD572E6247ADD990047883E /* AppDelegate.swift in Sources */ = {isa = PBXBuildFile; fileRef = 7AD572E5247ADD990047883E /* AppDelegate.swift */; };
		7AD572E8247ADD990047883E /* SceneDelegate.swift in Sources */ = {isa = PBXBuildFile; fileRef = 7AD572E7247ADD990047883E /* SceneDelegate.swift */; };
		7AD572EA247ADD990047883E /* ContentView.swift in Sources */ = {isa = PBXBuildFile; fileRef = 7AD572E9247ADD990047883E /* ContentView.swift */; };
		7AD572EC247ADD9D0047883E /* Assets.xcassets in Resources */ = {isa = PBXBuildFile; fileRef = 7AD572EB247ADD9D0047883E /* Assets.xcassets */; };
		7AD572EF247ADD9D0047883E /* Preview Assets.xcassets in Resources */ = {isa = PBXBuildFile; fileRef = 7AD572EE247ADD9D0047883E /* Preview Assets.xcassets */; };
		7AD572F2247ADD9D0047883E /* LaunchScreen.storyboard in Resources */ = {isa = PBXBuildFile; fileRef = 7AD572F0247ADD9D0047883E /* LaunchScreen.storyboard */; };
		7AD572FD247ADD9D0047883E /* MemorizeTests.swift in Sources */ = {isa = PBXBuildFile; fileRef = 7AD572FC247ADD9D0047883E /* MemorizeTests.swift */; };
		7AD57308247ADD9D0047883E /* MemorizeUITests.swift in Sources */ = {isa = PBXBuildFile; fileRef = 7AD57307247ADD9D0047883E /* MemorizeUITests.swift */; };
/* End PBXBuildFile section */

/* Begin PBXContainerItemProxy section */
		7AD572F9247ADD9D0047883E /* PBXContainerItemProxy */ = {
			isa = PBXContainerItemProxy;
			containerPortal = 7AD572DA247ADD990047883E /* Project object */;
			proxyType = 1;
			remoteGlobalIDString = 7AD572E1247ADD990047883E;
			remoteInfo = Memorize;
		};
		7AD57304247ADD9D0047883E /* PBXContainerItemProxy */ = {
			isa = PBXContainerItemProxy;
			containerPortal = 7AD572DA247ADD990047883E /* Project object */;
			proxyType = 1;
			remoteGlobalIDString = 7AD572E1247ADD990047883E;
			remoteInfo = Memorize;
		};
/* End PBXContainerItemProxy section */

/* Begin PBXFileReference section */
		7AD572E2247ADD990047883E /* Memorize.app */ = {isa = PBXFileReference; explicitFileType = wrapper.application; includeInIndex = 0; path = Memorize.app; sourceTree = BUILT_PRODUCTS_DIR; };
		7AD572E5247ADD990047883E /* AppDelegate.swift */ = {isa = PBXFileReference; lastKnownFileType = sourcecode.swift; path = AppDelegate.swift; sourceTree = "<group>"; };
		7AD572E7247ADD990047883E /* SceneDelegate.swift */ = {isa = PBXFileReference; lastKnownFileType = sourcecode.swift; path = SceneDelegate.swift; sourceTree = "<group>"; };
		7AD572E9247ADD990047883E /* ContentView.swift */ = {isa = PBXFileReference; lastKnownFileType = sourcecode.swift; path = ContentView.swift; sourceTree = "<group>"; };
		7AD572EB247ADD9D0047883E /* Assets.xcassets */ = {isa = PBXFileReference; lastKnownFileType = folder.assetcatalog; path = Assets.xcassets; sourceTree = "<group>"; };
		7AD572EE247ADD9D0047883E /* Preview Assets.xcassets */ = {isa = PBXFileReference; lastKnownFileType = folder.assetcatalog; path = "Preview Assets.xcassets"; sourceTree = "<group>"; };
		7AD572F1247ADD9D0047883E /* Base */ = {isa = PBXFileReference; lastKnownFileType = file.storyboard; name = Base; path = Base.lproj/LaunchScreen.storyboard; sourceTree = "<group>"; };
		7AD572F3247ADD9D0047883E /* Info.plist */ = {isa = PBXFileReference; lastKnownFileType = text.plist.xml; path = Info.plist; sourceTree = "<group>"; };
		7AD572F8247ADD9D0047883E /* MemorizeTests.xctest */ = {isa = PBXFileReference; explicitFileType = wrapper.cfbundle; includeInIndex = 0; path = MemorizeTests.xctest; sourceTree = BUILT_PRODUCTS_DIR; };
		7AD572FC247ADD9D0047883E /* MemorizeTests.swift */ = {isa = PBXFileReference; lastKnownFileType = sourcecode.swift; path = MemorizeTests.swift; sourceTree = "<group>"; };
		7AD572FE247ADD9D0047883E /* Info.plist */ = {isa = PBXFileReference; lastKnownFileType = text.plist.xml; path = Info.plist; sourceTree = "<group>"; };
		7AD57303247ADD9D0047883E /* MemorizeUITests.xctest */ = {isa = PBXFileReference; explicitFileType = wrapper.cfbundle; includeInIndex = 0; path = MemorizeUITests.xctest; sourceTree = BUILT_PRODUCTS_DIR; };
		7AD57307247ADD9D0047883E /* MemorizeUITests.swift */ = {isa = PBXFileReference; lastKnownFileType = sourcecode.swift; path = MemorizeUITests.swift; sourceTree = "<group>"; };
		7AD57309247ADD9D0047883E /* Info.plist */ = {isa = PBXFileReference; lastKnownFileType = text.plist.xml; path = Info.plist; sourceTree = "<group>"; };
/* End PBXFileReference section */

/* Begin PBXFrameworksBuildPhase section */
		7AD572DF247ADD990047883E /* Frameworks */ = {
			isa = PBXFrameworksBuildPhase;
			buildActionMask = 2147483647;
			files = (
			);
			runOnlyForDeploymentPostprocessing = 0;
		};
		7AD572F5247ADD9D0047883E /* Frameworks */ = {
			isa = PBXFrameworksBuildPhase;
			buildActionMask = 2147483647;
			files = (
			);
			runOnlyForDeploymentPostprocessing = 0;
		};
		7AD57300247ADD9D0047883E /* Frameworks */ = {
			isa = PBXFrameworksBuildPhase;
			buildActionMask = 2147483647;
			files = (
			);
			runOnlyForDeploymentPostprocessing = 0;
		};
/* End PBXFrameworksBuildPhase section */

/* Begin PBXGroup section */
		7AD572D9247ADD990047883E = {
			isa = PBXGroup;
			children = (
				7AD572E4247ADD990047883E /* Memorize */,
				7AD572FB247ADD9D0047883E /* MemorizeTests */,
				7AD57306247ADD9D0047883E /* MemorizeUITests */,
				7AD572E3247ADD990047883E /* Products */,
			);
			sourceTree = "<group>";
		};
		7AD572E3247ADD990047883E /* Products */ = {
			isa = PBXGroup;
			children = (
				7AD572E2247ADD990047883E /* Memorize.app */,
				7AD572F8247ADD9D0047883E /* MemorizeTests.xctest */,
				7AD57303247ADD9D0047883E /* MemorizeUITests.xctest */,
			);
			name = Products;
			sourceTree = "<group>";
		};
		7AD572E4247ADD990047883E /* Memorize */ = {
			isa = PBXGroup;
			children = (
				7AD572E5247ADD990047883E /* AppDelegate.swift */,
				7AD572E7247ADD990047883E /* SceneDelegate.swift */,
				7AD572E9247ADD990047883E /* ContentView.swift */,
				7AD572EB247ADD9D0047883E /* Assets.xcassets */,
				7AD572F0247ADD9D0047883E /* LaunchScreen.storyboard */,
				7AD572F3247ADD9D0047883E /* Info.plist */,
				7AD572ED247ADD9D0047883E /* Preview Content */,
			);
			path = Memorize;
			sourceTree = "<group>";
		};
		7AD572ED247ADD9D0047883E /* Preview Content */ = {
			isa = PBXGroup;
			children = (
				7AD572EE247ADD9D0047883E /* Preview Assets.xcassets */,
			);
			path = "Preview Content";
			sourceTree = "<group>";
		};
		7AD572FB247ADD9D0047883E /* MemorizeTests */ = {
			isa = PBXGroup;
			children = (
				7AD572FC247ADD9D0047883E /* MemorizeTests.swift */,
				7AD572FE247ADD9D0047883E /* Info.plist */,
			);
			path = MemorizeTests;
			sourceTree = "<group>";
		};
		7AD57306247ADD9D0047883E /* MemorizeUITests */ = {
			isa = PBXGroup;
			children = (
				7AD57307247ADD9D0047883E /* MemorizeUITests.swift */,
				7AD57309247ADD9D0047883E /* Info.plist */,
			);
			path = MemorizeUITests;
			sourceTree = "<group>";
		};
/* End PBXGroup section */

/* Begin PBXNativeTarget section */
		7AD572E1247ADD990047883E /* Memorize */ = {
			isa = PBXNativeTarget;
			buildConfigurationList = 7AD5730C247ADD9D0047883E /* Build configuration list for PBXNativeTarget "Memorize" */;
			buildPhases = (
				7AD572DE247ADD990047883E /* Sources */,
				7AD572DF247ADD990047883E /* Frameworks */,
				7AD572E0247ADD990047883E /* Resources */,
			);
			buildRules = (
			);
			dependencies = (
			);
			name = Memorize;
			productName = Memorize;
			productReference = 7AD572E2247ADD990047883E /* Memorize.app */;
			productType = "com.apple.product-type.application";
		};
		7AD572F7247ADD9D0047883E /* MemorizeTests */ = {
			isa = PBXNativeTarget;
			buildConfigurationList = 7AD5730F247ADD9D0047883E /* Build configuration list for PBXNativeTarget "MemorizeTests" */;
			buildPhases = (
				7AD572F4247ADD9D0047883E /* Sources */,
				7AD572F5247ADD9D0047883E /* Frameworks */,
				7AD572F6247ADD9D0047883E /* Resources */,
			);
			buildRules = (
			);
			dependencies = (
				7AD572FA247ADD9D0047883E /* PBXTargetDependency */,
			);
			name = MemorizeTests;
			productName = MemorizeTests;
			productReference = 7AD572F8247ADD9D0047883E /* MemorizeTests.xctest */;
			productType = "com.apple.product-type.bundle.unit-test";
		};
		7AD57302247ADD9D0047883E /* MemorizeUITests */ = {
			isa = PBXNativeTarget;
			buildConfigurationList = 7AD57312247ADD9D0047883E /* Build configuration list for PBXNativeTarget "MemorizeUITests" */;
			buildPhases = (
				7AD572FF247ADD9D0047883E /* Sources */,
				7AD57300247ADD9D0047883E /* Frameworks */,
				7AD57301247ADD9D0047883E /* Resources */,
			);
			buildRules = (
			);
			dependencies = (
				7AD57305247ADD9D0047883E /* PBXTargetDependency */,
			);
			name = MemorizeUITests;
			productName = MemorizeUITests;
			productReference = 7AD57303247ADD9D0047883E /* MemorizeUITests.xctest */;
			productType = "com.apple.product-type.bundle.ui-testing";
		};
/* End PBXNativeTarget section */

/* Begin PBXProject section */
		7AD572DA247ADD990047883E /* Project object */ = {
			isa = PBXProject;
			attributes = {
				LastSwiftUpdateCheck = 1150;
				LastUpgradeCheck = 1150;
				ORGANIZATIONNAME = "Satveer Singh";
				TargetAttributes = {
					7AD572E1247ADD990047883E = {
						CreatedOnToolsVersion = 11.5;
					};
					7AD572F7247ADD9D0047883E = {
						CreatedOnToolsVersion = 11.5;
						TestTargetID = 7AD572E1247ADD990047883E;
					};
					7AD57302247ADD9D0047883E = {
						CreatedOnToolsVersion = 11.5;
						TestTargetID = 7AD572E1247ADD990047883E;
					};
				};
			};
			buildConfigurationList = 7AD572DD247ADD990047883E /* Build configuration list for PBXProject "Memorize" */;
			compatibilityVersion = "Xcode 9.3";
			developmentRegion = en;
			hasScannedForEncodings = 0;
			knownRegions = (
				en,
				Base,
			);
			mainGroup = 7AD572D9247ADD990047883E;
			productRefGroup = 7AD572E3247ADD990047883E /* Products */;
			projectDirPath = "";
			projectRoot = "";
			targets = (
				7AD572E1247ADD990047883E /* Memorize */,
				7AD572F7247ADD9D0047883E /* MemorizeTests */,
				7AD57302247ADD9D0047883E /* MemorizeUITests */,
			);
		};
/* End PBXProject section */

/* Begin PBXResourcesBuildPhase section */
		7AD572E0247ADD990047883E /* Resources */ = {
			isa = PBXResourcesBuildPhase;
			buildActionMask = 2147483647;
			files = (
				7AD572F2247ADD9D0047883E /* LaunchScreen.storyboard in Resources */,
				7AD572EF247ADD9D0047883E /* Preview Assets.xcassets in Resources */,
				7AD572EC247ADD9D0047883E /* Assets.xcassets in Resources */,
			);
			runOnlyForDeploymentPostprocessing = 0;
		};
		7AD572F6247ADD9D0047883E /* Resources */ = {
			isa = PBXResourcesBuildPhase;
			buildActionMask = 2147483647;
			files = (
			);
			runOnlyForDeploymentPostprocessing = 0;
		};
		7AD57301247ADD9D0047883E /* Resources */ = {
			isa = PBXResourcesBuildPhase;
			buildActionMask = 2147483647;
			files = (
			);
			runOnlyForDeploymentPostprocessing = 0;
		};
/* End PBXResourcesBuildPhase section */

/* Begin PBXSourcesBuildPhase section */
		7AD572DE247ADD990047883E /* Sources */ = {
			isa = PBXSourcesBuildPhase;
			buildActionMask = 2147483647;
			files = (
				7AD572E6247ADD990047883E /* AppDelegate.swift in Sources */,
				7AD572E8247ADD990047883E /* SceneDelegate.swift in Sources */,
				7AD572EA247ADD990047883E /* ContentView.swift in Sources */,
			);
			runOnlyForDeploymentPostprocessing = 0;
		};
		7AD572F4247ADD9D0047883E /* Sources */ = {
			isa = PBXSourcesBuildPhase;
			buildActionMask = 2147483647;
			files = (
				7AD572FD247ADD9D0047883E /* MemorizeTests.swift in Sources */,
			);
			runOnlyForDeploymentPostprocessing = 0;
		};
		7AD572FF247ADD9D0047883E /* Sources */ = {
			isa = PBXSourcesBuildPhase;
			buildActionMask = 2147483647;
			files = (
				7AD57308247ADD9D0047883E /* MemorizeUITests.swift in Sources */,
			);
			runOnlyForDeploymentPostprocessing = 0;
		};
/* End PBXSourcesBuildPhase section */

/* Begin PBXTargetDependency section */
		7AD572FA247ADD9D0047883E /* PBXTargetDependency */ = {
			isa = PBXTargetDependency;
			target = 7AD572E1247ADD990047883E /* Memorize */;
			targetProxy = 7AD572F9247ADD9D0047883E /* PBXContainerItemProxy */;
		};
		7AD57305247ADD9D0047883E /* PBXTargetDependency */ = {
			isa = PBXTargetDependency;
			target = 7AD572E1247ADD990047883E /* Memorize */;
			targetProxy = 7AD57304247ADD9D0047883E /* PBXContainerItemProxy */;
		};
/* End PBXTargetDependency section */

/* Begin PBXVariantGroup section */
		7AD572F0247ADD9D0047883E /* LaunchScreen.storyboard */ = {
			isa = PBXVariantGroup;
			children = (
				7AD572F1247ADD9D0047883E /* Base */,
			);
			name = LaunchScreen.storyboard;
			sourceTree = "<group>";
		};
/* End PBXVariantGroup section */

/* Begin XCBuildConfiguration section */
		7AD5730A247ADD9D0047883E /* Debug */ = {
			isa = XCBuildConfiguration;
			buildSettings = {
				ALWAYS_SEARCH_USER_PATHS = NO;
				CLANG_ANALYZER_NONNULL = YES;
				CLANG_ANALYZER_NUMBER_OBJECT_CONVERSION = YES_AGGRESSIVE;
				CLANG_CXX_LANGUAGE_STANDARD = "gnu++14";
				CLANG_CXX_LIBRARY = "libc++";
				CLANG_ENABLE_MODULES = YES;
				CLANG_ENABLE_OBJC_ARC = YES;
				CLANG_ENABLE_OBJC_WEAK = YES;
				CLANG_WARN_BLOCK_CAPTURE_AUTORELEASING = YES;
				CLANG_WARN_BOOL_CONVERSION = YES;
				CLANG_WARN_COMMA = YES;
				CLANG_WARN_CONSTANT_CONVERSION = YES;
				CLANG_WARN_DEPRECATED_OBJC_IMPLEMENTATIONS = YES;
				CLANG_WARN_DIRECT_OBJC_ISA_USAGE = YES_ERROR;
				CLANG_WARN_DOCUMENTATION_COMMENTS = YES;
				CLANG_WARN_EMPTY_BODY = YES;
				CLANG_WARN_ENUM_CONVERSION = YES;
				CLANG_WARN_INFINITE_RECURSION = YES;
				CLANG_WARN_INT_CONVERSION = YES;
				CLANG_WARN_NON_LITERAL_NULL_CONVERSION = YES;
				CLANG_WARN_OBJC_IMPLICIT_RETAIN_SELF = YES;
				CLANG_WARN_OBJC_LITERAL_CONVERSION = YES;
				CLANG_WARN_OBJC_ROOT_CLASS = YES_ERROR;
				CLANG_WARN_RANGE_LOOP_ANALYSIS = YES;
				CLANG_WARN_STRICT_PROTOTYPES = YES;
				CLANG_WARN_SUSPICIOUS_MOVE = YES;
				CLANG_WARN_UNGUARDED_AVAILABILITY = YES_AGGRESSIVE;
				CLANG_WARN_UNREACHABLE_CODE = YES;
				CLANG_WARN__DUPLICATE_METHOD_MATCH = YES;
				COPY_PHASE_STRIP = NO;
				DEBUG_INFORMATION_FORMAT = dwarf;
				ENABLE_STRICT_OBJC_MSGSEND = YES;
				ENABLE_TESTABILITY = YES;
				GCC_C_LANGUAGE_STANDARD = gnu11;
				GCC_DYNAMIC_NO_PIC = NO;
				GCC_NO_COMMON_BLOCKS = YES;
				GCC_OPTIMIZATION_LEVEL = 0;
				GCC_PREPROCESSOR_DEFINITIONS = (
					"DEBUG=1",
					"$(inherited)",
				);
				GCC_WARN_64_TO_32_BIT_CONVERSION = YES;
				GCC_WARN_ABOUT_RETURN_TYPE = YES_ERROR;
				GCC_WARN_UNDECLARED_SELECTOR = YES;
				GCC_WARN_UNINITIALIZED_AUTOS = YES_AGGRESSIVE;
				GCC_WARN_UNUSED_FUNCTION = YES;
				GCC_WARN_UNUSED_VARIABLE = YES;
				IPHONEOS_DEPLOYMENT_TARGET = 13.5;
				MTL_ENABLE_DEBUG_INFO = INCLUDE_SOURCE;
				MTL_FAST_MATH = YES;
				ONLY_ACTIVE_ARCH = YES;
				SDKROOT = iphoneos;
				SWIFT_ACTIVE_COMPILATION_CONDITIONS = DEBUG;
				SWIFT_OPTIMIZATION_LEVEL = "-Onone";
			};
			name = Debug;
		};
		7AD5730B247ADD9D0047883E /* Release */ = {
			isa = XCBuildConfiguration;
			buildSettings = {
				ALWAYS_SEARCH_USER_PATHS = NO;
				CLANG_ANALYZER_NONNULL = YES;
				CLANG_ANALYZER_NUMBER_OBJECT_CONVERSION = YES_AGGRESSIVE;
				CLANG_CXX_LANGUAGE_STANDARD = "gnu++14";
				CLANG_CXX_LIBRARY = "libc++";
				CLANG_ENABLE_MODULES = YES;
				CLANG_ENABLE_OBJC_ARC = YES;
				CLANG_ENABLE_OBJC_WEAK = YES;
				CLANG_WARN_BLOCK_CAPTURE_AUTORELEASING = YES;
				CLANG_WARN_BOOL_CONVERSION = YES;
				CLANG_WARN_COMMA = YES;
				CLANG_WARN_CONSTANT_CONVERSION = YES;
				CLANG_WARN_DEPRECATED_OBJC_IMPLEMENTATIONS = YES;
				CLANG_WARN_DIRECT_OBJC_ISA_USAGE = YES_ERROR;
				CLANG_WARN_DOCUMENTATION_COMMENTS = YES;
				CLANG_WARN_EMPTY_BODY = YES;
				CLANG_WARN_ENUM_CONVERSION = YES;
				CLANG_WARN_INFINITE_RECURSION = YES;
				CLANG_WARN_INT_CONVERSION = YES;
				CLANG_WARN_NON_LITERAL_NULL_CONVERSION = YES;
				CLANG_WARN_OBJC_IMPLICIT_RETAIN_SELF = YES;
				CLANG_WARN_OBJC_LITERAL_CONVERSION = YES;
				CLANG_WARN_OBJC_ROOT_CLASS = YES_ERROR;
				CLANG_WARN_RANGE_LOOP_ANALYSIS = YES;
				CLANG_WARN_STRICT_PROTOTYPES = YES;
				CLANG_WARN_SUSPICIOUS_MOVE = YES;
				CLANG_WARN_UNGUARDED_AVAILABILITY = YES_AGGRESSIVE;
				CLANG_WARN_UNREACHABLE_CODE = YES;
				CLANG_WARN__DUPLICATE_METHOD_MATCH = YES;
				COPY_PHASE_STRIP = NO;
				DEBUG_INFORMATION_FORMAT = "dwarf-with-dsym";
				ENABLE_NS_ASSERTIONS = NO;
				ENABLE_STRICT_OBJC_MSGSEND = YES;
				GCC_C_LANGUAGE_STANDARD = gnu11;
				GCC_NO_COMMON_BLOCKS = YES;
				GCC_WARN_64_TO_32_BIT_CONVERSION = YES;
				GCC_WARN_ABOUT_RETURN_TYPE = YES_ERROR;
				GCC_WARN_UNDECLARED_SELECTOR = YES;
				GCC_WARN_UNINITIALIZED_AUTOS = YES_AGGRESSIVE;
				GCC_WARN_UNUSED_FUNCTION = YES;
				GCC_WARN_UNUSED_VARIABLE = YES;
				IPHONEOS_DEPLOYMENT_TARGET = 13.5;
				MTL_ENABLE_DEBUG_INFO = NO;
				MTL_FAST_MATH = YES;
				SDKROOT = iphoneos;
				SWIFT_COMPILATION_MODE = wholemodule;
				SWIFT_OPTIMIZATION_LEVEL = "-O";
				VALIDATE_PRODUCT = YES;
			};
			name = Release;
		};
		7AD5730D247ADD9D0047883E /* Debug */ = {
			isa = XCBuildConfiguration;
			buildSettings = {
				ASSETCATALOG_COMPILER_APPICON_NAME = AppIcon;
				CODE_SIGN_STYLE = Automatic;
				DEVELOPMENT_ASSET_PATHS = "\"Memorize/Preview Content\"";
				DEVELOPMENT_TEAM = VW9B82YJ6D;
				ENABLE_PREVIEWS = YES;
				INFOPLIST_FILE = Memorize/Info.plist;
				LD_RUNPATH_SEARCH_PATHS = (
					"$(inherited)",
					"@executable_path/Frameworks",
				);
				PRODUCT_BUNDLE_IDENTIFIER = "satveerkhera-hotmail.com.Memorize";
				PRODUCT_NAME = "$(TARGET_NAME)";
				SWIFT_VERSION = 5.0;
				TARGETED_DEVICE_FAMILY = "1,2";
			};
			name = Debug;
		};
		7AD5730E247ADD9D0047883E /* Release */ = {
			isa = XCBuildConfiguration;
			buildSettings = {
				ASSETCATALOG_COMPILER_APPICON_NAME = AppIcon;
				CODE_SIGN_STYLE = Automatic;
				DEVELOPMENT_ASSET_PATHS = "\"Memorize/Preview Content\"";
				DEVELOPMENT_TEAM = VW9B82YJ6D;
				ENABLE_PREVIEWS = YES;
				INFOPLIST_FILE = Memorize/Info.plist;
				LD_RUNPATH_SEARCH_PATHS = (
					"$(inherited)",
					"@executable_path/Frameworks",
				);
				PRODUCT_BUNDLE_IDENTIFIER = "satveerkhera-hotmail.com.Memorize";
				PRODUCT_NAME = "$(TARGET_NAME)";
				SWIFT_VERSION = 5.0;
				TARGETED_DEVICE_FAMILY = "1,2";
			};
			name = Release;
		};
		7AD57310247ADD9D0047883E /* Debug */ = {
			isa = XCBuildConfiguration;
			buildSettings = {
				ALWAYS_EMBED_SWIFT_STANDARD_LIBRARIES = YES;
				BUNDLE_LOADER = "$(TEST_HOST)";
				CODE_SIGN_STYLE = Automatic;
				DEVELOPMENT_TEAM = VW9B82YJ6D;
				INFOPLIST_FILE = MemorizeTests/Info.plist;
				IPHONEOS_DEPLOYMENT_TARGET = 13.5;
				LD_RUNPATH_SEARCH_PATHS = (
					"$(inherited)",
					"@executable_path/Frameworks",
					"@loader_path/Frameworks",
				);
				PRODUCT_BUNDLE_IDENTIFIER = "satveerkhera-hotmail.com.MemorizeTests";
				PRODUCT_NAME = "$(TARGET_NAME)";
				SWIFT_VERSION = 5.0;
				TARGETED_DEVICE_FAMILY = "1,2";
				TEST_HOST = "$(BUILT_PRODUCTS_DIR)/Memorize.app/Memorize";
			};
			name = Debug;
		};
		7AD57311247ADD9D0047883E /* Release */ = {
			isa = XCBuildConfiguration;
			buildSettings = {
				ALWAYS_EMBED_SWIFT_STANDARD_LIBRARIES = YES;
				BUNDLE_LOADER = "$(TEST_HOST)";
				CODE_SIGN_STYLE = Automatic;
				DEVELOPMENT_TEAM = VW9B82YJ6D;
				INFOPLIST_FILE = MemorizeTests/Info.plist;
				IPHONEOS_DEPLOYMENT_TARGET = 13.5;
				LD_RUNPATH_SEARCH_PATHS = (
					"$(inherited)",
					"@executable_path/Frameworks",
					"@loader_path/Frameworks",
				);
				PRODUCT_BUNDLE_IDENTIFIER = "satveerkhera-hotmail.com.MemorizeTests";
				PRODUCT_NAME = "$(TARGET_NAME)";
				SWIFT_VERSION = 5.0;
				TARGETED_DEVICE_FAMILY = "1,2";
				TEST_HOST = "$(BUILT_PRODUCTS_DIR)/Memorize.app/Memorize";
			};
			name = Release;
		};
		7AD57313247ADD9D0047883E /* Debug */ = {
			isa = XCBuildConfiguration;
			buildSettings = {
				ALWAYS_EMBED_SWIFT_STANDARD_LIBRARIES = YES;
				CODE_SIGN_STYLE = Automatic;
				DEVELOPMENT_TEAM = VW9B82YJ6D;
				INFOPLIST_FILE = MemorizeUITests/Info.plist;
				LD_RUNPATH_SEARCH_PATHS = (
					"$(inherited)",
					"@executable_path/Frameworks",
					"@loader_path/Frameworks",
				);
				PRODUCT_BUNDLE_IDENTIFIER = "satveerkhera-hotmail.com.MemorizeUITests";
				PRODUCT_NAME = "$(TARGET_NAME)";
				SWIFT_VERSION = 5.0;
				TARGETED_DEVICE_FAMILY = "1,2";
				TEST_TARGET_NAME = Memorize;
			};
			name = Debug;
		};
		7AD57314247ADD9D0047883E /* Release */ = {
			isa = XCBuildConfiguration;
			buildSettings = {
				ALWAYS_EMBED_SWIFT_STANDARD_LIBRARIES = YES;
				CODE_SIGN_STYLE = Automatic;
				DEVELOPMENT_TEAM = VW9B82YJ6D;
				INFOPLIST_FILE = MemorizeUITests/Info.plist;
				LD_RUNPATH_SEARCH_PATHS = (
					"$(inherited)",
					"@executable_path/Frameworks",
					"@loader_path/Frameworks",
				);
				PRODUCT_BUNDLE_IDENTIFIER = "satveerkhera-hotmail.com.MemorizeUITests";
				PRODUCT_NAME = "$(TARGET_NAME)";
				SWIFT_VERSION = 5.0;
				TARGETED_DEVICE_FAMILY = "1,2";
				TEST_TARGET_NAME = Memorize;
			};
			name = Release;
		};
/* End XCBuildConfiguration section */

/* Begin XCConfigurationList section */
		7AD572DD247ADD990047883E /* Build configuration list for PBXProject "Memorize" */ = {
			isa = XCConfigurationList;
			buildConfigurations = (
				7AD5730A247ADD9D0047883E /* Debug */,
				7AD5730B247ADD9D0047883E /* Release */,
			);
			defaultConfigurationIsVisible = 0;
			defaultConfigurationName = Release;
		};
		7AD5730C247ADD9D0047883E /* Build configuration list for PBXNativeTarget "Memorize" */ = {
			isa = XCConfigurationList;
			buildConfigurations = (
				7AD5730D247ADD9D0047883E /* Debug */,
				7AD5730E247ADD9D0047883E /* Release */,
			);
			defaultConfigurationIsVisible = 0;
			defaultConfigurationName = Release;
		};
		7AD5730F247ADD9D0047883E /* Build configuration list for PBXNativeTarget "MemorizeTests" */ = {
			isa = XCConfigurationList;
			buildConfigurations = (
				7AD57310247ADD9D0047883E /* Debug */,
				7AD57311247ADD9D0047883E /* Release */,
			);
			defaultConfigurationIsVisible = 0;
			defaultConfigurationName = Release;
		};
		7AD57312247ADD9D0047883E /* Build configuration list for PBXNativeTarget "MemorizeUITests" */ = {
			isa = XCConfigurationList;
			buildConfigurations = (
				7AD57313247ADD9D0047883E /* Debug */,
				7AD57314247ADD9D0047883E /* Release */,
			);
			defaultConfigurationIsVisible = 0;
			defaultConfigurationName = Release;
		};
/* End XCConfigurationList section */
	};
	rootObject = 7AD572DA247ADD990047883E /* Project object */;
}
